{
  "name": "kendo-hackatoners-svelte-demo-app",
  "version": "1.0.0",
  "lockfileVersion": 1,
  "requires": true,
  "dependencies": {
    "@progress/kendo-theme-default": {
      "version": "5.2.0",
      "resolved": "https://registry.npmjs.org/@progress/kendo-theme-default/-/kendo-theme-default-5.2.0.tgz",
      "integrity": "sha512-k9VB/krxSeFRFuxk4i551oJajIv/dDGCjO4tm5Y6qXtbP06E+50zY+qbAxM6361jAYwkwY/yMqzhWRximtynAw=="
    }
  }
}
